
Microsoft Visual Studio Solution File, Format Version 12.00
# Visual Studio Version 17
VisualStudioVersion = 17.6.33829.357
MinimumVisualStudioVersion = 10.0.40219.1
Project("{FAE04EC0-301F-11D3-BF4B-00C04F79EFBC}") = "cplxend-csharp-202309-a", "cplxend-csharp-202309-a\cplxend-csharp-202309-a.csproj", "{8CB90AE3-5C4F-40A3-AA6B-7578D8654F90}"
EndProject
Global
	GlobalSection(SolutionConfigurationPlatforms) = preSolution
		Debug|Any CPU = Debug|Any CPU
		Release|Any CPU = Release|Any CPU
	EndGlobalSection
	GlobalSection(ProjectConfigurationPlatforms) = postSolution
		{8CB90AE3-5C4F-40A3-AA6B-7578D8654F90}.Debug|Any CPU.ActiveCfg = Debug|Any CPU
		{8CB90AE3-5C4F-40A3-AA6B-7578D8654F90}.Debug|Any CPU.Build.0 = Debug|Any CPU
		{8CB90AE3-5C4F-40A3-AA6B-7578D8654F90}.Release|Any CPU.ActiveCfg = Release|Any CPU
		{8CB90AE3-5C4F-40A3-AA6B-7578D8654F90}.Release|Any CPU.Build.0 = Release|Any CPU
	EndGlobalSection
	GlobalSection(SolutionProperties) = preSolution
		HideSolutionNode = FALSE
	EndGlobalSection
	GlobalSection(ExtensibilityGlobals) = postSolution
		SolutionGuid = {04B92CCF-C3A9-47ED-8644-B5E962BE3012}
	EndGlobalSection
EndGlobal
